
Microsoft Visual Studio Solution File, Format Version 12.00
Project("{FAE04EC0-301F-11D3-BF4B-00C04F79EFBC}") = "Tomlet", "Tomlet\Tomlet.csproj", "{CA953A71-F496-4666-9418-CB57A589D42D}"
EndProject
Project("{FAE04EC0-301F-11D3-BF4B-00C04F79EFBC}") = "Tomlet.Tests", "Tomlet.Tests\Tomlet.Tests.csproj", "{5252C673-A239-47DD-A804-FD0003811A21}"
EndProject
Global
	GlobalSection(SolutionConfigurationPlatforms) = preSolution
		Debug|Any CPU = Debug|Any CPU
		Release|Any CPU = Release|Any CPU
	EndGlobalSection
	GlobalSection(ProjectConfigurationPlatforms) = postSolution
		{CA953A71-F496-4666-9418-CB57A589D42D}.Debug|Any CPU.ActiveCfg = Debug|Any CPU
		{CA953A71-F496-4666-9418-CB57A589D42D}.Debug|Any CPU.Build.0 = Debug|Any CPU
		{CA953A71-F496-4666-9418-CB57A589D42D}.Release|Any CPU.ActiveCfg = Release|Any CPU
		{CA953A71-F496-4666-9418-CB57A589D42D}.Release|Any CPU.Build.0 = Release|Any CPU
		{5252C673-A239-47DD-A804-FD0003811A21}.Debug|Any CPU.ActiveCfg = Debug|Any CPU
		{5252C673-A239-47DD-A804-FD0003811A21}.Debug|Any CPU.Build.0 = Debug|Any CPU
		{5252C673-A239-47DD-A804-FD0003811A21}.Release|Any CPU.ActiveCfg = Release|Any CPU
		{5252C673-A239-47DD-A804-FD0003811A21}.Release|Any CPU.Build.0 = Release|Any CPU
	EndGlobalSection
EndGlobal
